<?xml version="1.0" encoding="utf-8"?>
<Project ToolsVersion="4.0" xmlns="http://schemas.microsoft.com/developer/msbuild/2003">
  <ItemGroup>
    <Filter Include="Source Files">
      <UniqueIdentifier>{4FC737F1-C7A5-4376-A066-2A32D752A2FF}</UniqueIdentifier>
      <Extensions>cpp;c;cc;cxx;def;odl;idl;hpj;bat;asm;asmx</Extensions>
    </Filter>
    <Filter Include="Header Files">
      <UniqueIdentifier>{93995380-89BD-4b04-88EB-625FBE52EBFB}</UniqueIdentifier>
      <Extensions>h;hpp;hxx;hm;inl;inc;xsd</Extensions>
    </Filter>
    <Filter Include="Header Files\Interfaces">
      <UniqueIdentifier>{e7c11b7d-e020-4e67-a474-6c3c899d4741}</UniqueIdentifier>
    </Filter>
    <Filter Include="Header Files\Include">
      <UniqueIdentifier>{e690ec2b-3a9b-4000-9486-46336e302276}</UniqueIdentifier>
    </Filter>
    <Filter Include="Header Files\Data">
      <UniqueIdentifier>{3a961b16-d26e-4a3b-9107-707b8c2c9d9b}</UniqueIdentifier>
    </Filter>
    <Filter Include="Source Files\Data">
      <UniqueIdentifier>{dc0d3273-6dd5-437e-bafc-42aa48d30d7e}</UniqueIdentifier>
    </Filter>
    <Filter Include="Header Files\Managers">
      <UniqueIdentifier>{5eb782b2-714f-493a-b14b-41dea7b7b563}</UniqueIdentifier>
    </Filter>
    <Filter Include="Source Files\Managers">
      <UniqueIdentifier>{4621f0ed-001e-4649-9e03-859c355da409}</UniqueIdentifier>
    </Filter>
    <Filter Include="Source Files\json_sprit">
      <UniqueIdentifier>{3f22f576-c690-40ae-8398-ee8d430ca0b5}</UniqueIdentifier>
    </Filter>
    <Filter Include="Header Files\Util">
      <UniqueIdentifier>{ffdb4094-0496-44bb-af80-aeed10acfca2}</UniqueIdentifier>
    </Filter>
    <Filter Include="Source Files\Util">
      <UniqueIdentifier>{74cbcda4-5db6-4e2b-9733-bdfb643058a4}</UniqueIdentifier>
    </Filter>
    <Filter Include="Header Files\PrivateInterfaces">
      <UniqueIdentifier>{dbbf8263-b733-44b6-b86e-8e95056775d7}</UniqueIdentifier>
    </Filter>
  </ItemGroup>
  <ItemGroup>
    <ClInclude Include="src\targetver.h">
      <Filter>Header Files</Filter>
    </ClInclude>
    <ClInclude Include="src\Agent.h">
      <Filter>Header Files\Interfaces</Filter>
    </ClInclude>
    <ClInclude Include="src\Results.h">
      <Filter>Header Files\Interfaces</Filter>
    </ClInclude>
    <ClInclude Include="src\Container.h">
      <Filter>Header Files\Interfaces</Filter>
    </ClInclude>
    <ClInclude Include="src\ConnectionManager.h">
      <Filter>Header Files\Managers</Filter>
    </ClInclude>
    <ClInclude Include="src\AgentSetting.h">
      <Filter>Header Files\Interfaces</Filter>
    </ClInclude>
    <ClInclude Include="src\AgentData.h">
      <Filter>Header Files\Data</Filter>
    </ClInclude>
    <ClInclude Include="src\APIConnector.h">
      <Filter>Header Files\Interfaces</Filter>
    </ClInclude>
    <ClInclude Include="src\APIConnectorImpl.h">
      <Filter>Header Files\Managers</Filter>
    </ClInclude>
    <ClInclude Include="src\SEObject.h">
      <Filter>Header Files\Interfaces</Filter>
    </ClInclude>
    <ClInclude Include="src\ContainerData.h">
      <Filter>Header Files\Data</Filter>
    </ClInclude>
    <ClInclude Include="src\ContainerResultData.h">
      <Filter>Header Files\Data</Filter>
    </ClInclude>
    <ClInclude Include="src\StringConverter.h">
      <Filter>Header Files\Util</Filter>
    </ClInclude>
    <ClInclude Include="src\AgentResultData.h">
      <Filter>Header Files\Data</Filter>
    </ClInclude>
    <ClInclude Include="src\ObjectConverter.h">
      <Filter>Header Files\Managers</Filter>
    </ClInclude>
    <ClInclude Include="src\AllAgentsResultData.h">
      <Filter>Header Files\Data</Filter>
    </ClInclude>
    <ClInclude Include="src\NotifyMessage.h">
      <Filter>Header Files\Interfaces</Filter>
    </ClInclude>
    <ClInclude Include="src\RSM.h">
      <Filter>Header Files\Interfaces</Filter>
    </ClInclude>
    <ClInclude Include="src\RSMData.h">
      <Filter>Header Files\Data</Filter>
    </ClInclude>
    <ClInclude Include="src\NotifyMessageData.h">
      <Filter>Header Files\Data</Filter>
    </ClInclude>
    <ClInclude Include="src\CreateKeyResultData.h">
      <Filter>Header Files\Data</Filter>
    </ClInclude>
    <ClInclude Include="src\PushResultData.h">
      <Filter>Header Files\Data</Filter>
    </ClInclude>
    <ClInclude Include="src\NotifyResultData.h">
      <Filter>Header Files\Data</Filter>
    </ClInclude>
    <ClInclude Include="src\ResultData.h">
      <Filter>Header Files\Data</Filter>
    </ClInclude>
    <ClInclude Include="src\LogImpl.h">
      <Filter>Header Files\Managers</Filter>
    </ClInclude>
    <ClInclude Include="src\Log.h">
      <Filter>Header Files\Interfaces</Filter>
    </ClInclude>
    <ClInclude Include="src\defaults.h">
      <Filter>Header Files</Filter>
    </ClInclude>
    <ClInclude Include="src\CreateCustomerResultData.h">
      <Filter>Header Files\Data</Filter>
    </ClInclude>
    <ClInclude Include="src\CustomerData.h">
      <Filter>Header Files\Data</Filter>
    </ClInclude>
    <ClInclude Include="src\resource.h">
      <Filter>Header Files</Filter>
    </ClInclude>
    <ClInclude Include="src\SEAPIForwards.h">
      <Filter>Header Files\Include</Filter>
    </ClInclude>
    <ClInclude Include="src\PushCallBack.h">
      <Filter>Header Files\Interfaces</Filter>
    </ClInclude>
    <ClInclude Include="src\ThreadCaller.h">
      <Filter>Header Files\Util</Filter>
    </ClInclude>
    <ClInclude Include="src\SEAPIIncludes.h">
      <Filter>Header Files\Include</Filter>
    </ClInclude>
    <ClInclude Include="src\TimeHelper.h">
      <Filter>Header Files</Filter>
    </ClInclude>
    <ClInclude Include="src\Customer.h">
      <Filter>Header Files\PrivateInterfaces</Filter>
    </ClInclude>
  </ItemGroup>
  <ItemGroup>
    <ClCompile Include="src\ContainerData.cpp">
      <Filter>Source Files\Data</Filter>
    </ClCompile>
    <ClCompile Include="src\ConnectionManager.cpp">
      <Filter>Source Files\Managers</Filter>
    </ClCompile>
    <ClCompile Include="src\AgentData.cpp">
      <Filter>Source Files\Data</Filter>
    </ClCompile>
    <ClCompile Include="src\APIConnectorImpl.cpp">
      <Filter>Source Files\Managers</Filter>
    </ClCompile>
    <ClCompile Include="src\ContainerResultData.cpp">
      <Filter>Source Files\Data</Filter>
    </ClCompile>
    <ClCompile Include="src\StringConverter.cpp">
      <Filter>Source Files\Util</Filter>
    </ClCompile>
    <ClCompile Include="src\AgentResultData.cpp">
      <Filter>Source Files\Data</Filter>
    </ClCompile>
    <ClCompile Include="src\AllAgentsResultData.cpp">
      <Filter>Source Files\Data</Filter>
    </ClCompile>
    <ClCompile Include="src\ObjectConverter.cpp">
      <Filter>Source Files\Managers</Filter>
    </ClCompile>
    <ClCompile Include="src\NotifyMessageData.cpp">
      <Filter>Source Files\Data</Filter>
    </ClCompile>
    <ClCompile Include="src\RSMData.cpp">
      <Filter>Source Files\Data</Filter>
    </ClCompile>
    <ClCompile Include="src\CreateKeyResultData.cpp">
      <Filter>Source Files\Data</Filter>
    </ClCompile>
    <ClCompile Include="src\PushResultData.cpp">
      <Filter>Source Files\Data</Filter>
    </ClCompile>
    <ClCompile Include="src\NotifyResultData.cpp">
      <Filter>Source Files\Data</Filter>
    </ClCompile>
    <ClCompile Include="src\ResultData.cpp">
      <Filter>Source Files\Data</Filter>
    </ClCompile>
    <ClCompile Include="src\LogImpl.cpp">
      <Filter>Source Files\Managers</Filter>
    </ClCompile>
    <ClCompile Include="src\defaults.cpp">
      <Filter>Source Files</Filter>
    </ClCompile>
    <ClCompile Include="src\CustomerData.cpp">
      <Filter>Source Files\Data</Filter>
    </ClCompile>
    <ClCompile Include="src\CreateCustomerResultData.cpp">
      <Filter>Source Files\Data</Filter>
    </ClCompile>
    <ClCompile Include="src\TimeHelper.cpp">
      <Filter>Source Files</Filter>
    </ClCompile>
    <ClCompile Include="include\json_spirit\json_spirit_reader.cpp">
      <Filter>Source Files</Filter>
    </ClCompile>
    <ClCompile Include="include\json_spirit\json_spirit_value.cpp">
      <Filter>Source Files</Filter>
    </ClCompile>
    <ClCompile Include="include\json_spirit\json_spirit_writer.cpp">
      <Filter>Source Files</Filter>
    </ClCompile>
  </ItemGroup>
  <ItemGroup>
    <ResourceCompile Include="src\ServerEyeAPI.rc" />
  </ItemGroup>
</Project>